
Microsoft Visual Studio Solution File, Format Version 12.00
# Visual Studio Version 17
VisualStudioVersion = 17.2.32526.322
MinimumVisualStudioVersion = 10.0.40219.1
Project("{FAE04EC0-301F-11D3-BF4B-00C04F79EFBC}") = "DataBase Encryption", "DataBase Encryption\DataBase Encryption.csproj", "{E72299B4-8176-4BF1-A151-1E54B3D23A90}"
EndProject
Global
	GlobalSection(SolutionConfigurationPlatforms) = preSolution
		Debug|Any CPU = Debug|Any CPU
		Release|Any CPU = Release|Any CPU
	EndGlobalSection
	GlobalSection(ProjectConfigurationPlatforms) = postSolution
		{E72299B4-8176-4BF1-A151-1E54B3D23A90}.Debug|Any CPU.ActiveCfg = Debug|Any CPU
		{E72299B4-8176-4BF1-A151-1E54B3D23A90}.Debug|Any CPU.Build.0 = Debug|Any CPU
		{E72299B4-8176-4BF1-A151-1E54B3D23A90}.Release|Any CPU.ActiveCfg = Release|Any CPU
		{E72299B4-8176-4BF1-A151-1E54B3D23A90}.Release|Any CPU.Build.0 = Release|Any CPU
	EndGlobalSection
	GlobalSection(SolutionProperties) = preSolution
		HideSolutionNode = FALSE
	EndGlobalSection
	GlobalSection(ExtensibilityGlobals) = postSolution
		SolutionGuid = {A2A251FE-88AC-419D-973B-DEA1ECAD220D}
	EndGlobalSection
EndGlobal
